
Microsoft Visual Studio Solution File, Format Version 12.00
# Visual Studio Version 17
VisualStudioVersion = 17.3.32922.545
MinimumVisualStudioVersion = 10.0.40219.1
Project("{FAE04EC0-301F-11D3-BF4B-00C04F79EFBC}") = "FileStreamAssignment", "FileStreamAssignment\FileStreamAssignment.csproj", "{382E26D6-C17D-4650-8AE2-E7D1568C8934}"
EndProject
Global
	GlobalSection(SolutionConfigurationPlatforms) = preSolution
		Debug|Any CPU = Debug|Any CPU
		Release|Any CPU = Release|Any CPU
	EndGlobalSection
	GlobalSection(ProjectConfigurationPlatforms) = postSolution
		{382E26D6-C17D-4650-8AE2-E7D1568C8934}.Debug|Any CPU.ActiveCfg = Debug|Any CPU
		{382E26D6-C17D-4650-8AE2-E7D1568C8934}.Debug|Any CPU.Build.0 = Debug|Any CPU
		{382E26D6-C17D-4650-8AE2-E7D1568C8934}.Release|Any CPU.ActiveCfg = Release|Any CPU
		{382E26D6-C17D-4650-8AE2-E7D1568C8934}.Release|Any CPU.Build.0 = Release|Any CPU
	EndGlobalSection
	GlobalSection(SolutionProperties) = preSolution
		HideSolutionNode = FALSE
	EndGlobalSection
	GlobalSection(ExtensibilityGlobals) = postSolution
		SolutionGuid = {BF1E17B0-71DD-43E1-9C23-E58E4FD775C1}
	EndGlobalSection
EndGlobal
